
Microsoft Visual Studio Solution File, Format Version 12.00
# Visual Studio 15
VisualStudioVersion = 15.0.27004.2010
MinimumVisualStudioVersion = 10.0.40219.1
Project("{FAE04EC0-301F-11D3-BF4B-00C04F79EFBC}") = "Application1", "Application1\Application1.csproj", "{5AD0DA94-9FBF-49B8-901F-3386BF8B7A60}"
EndProject
Project("{FAE04EC0-301F-11D3-BF4B-00C04F79EFBC}") = "IDP", "IDP\IDP.csproj", "{7D672B9D-E5D8-49AA-A252-5540F2CB05BD}"
EndProject
Project("{FAE04EC0-301F-11D3-BF4B-00C04F79EFBC}") = "Application1API", "Application1API\Application1API.csproj", "{E56ADEBD-0849-4853-B0EF-59032CBDC108}"
EndProject
Global
	GlobalSection(SolutionConfigurationPlatforms) = preSolution
		Debug|Any CPU = Debug|Any CPU
		Release|Any CPU = Release|Any CPU
	EndGlobalSection
	GlobalSection(ProjectConfigurationPlatforms) = postSolution
		{5AD0DA94-9FBF-49B8-901F-3386BF8B7A60}.Debug|Any CPU.ActiveCfg = Debug|Any CPU
		{5AD0DA94-9FBF-49B8-901F-3386BF8B7A60}.Debug|Any CPU.Build.0 = Debug|Any CPU
		{5AD0DA94-9FBF-49B8-901F-3386BF8B7A60}.Release|Any CPU.ActiveCfg = Release|Any CPU
		{5AD0DA94-9FBF-49B8-901F-3386BF8B7A60}.Release|Any CPU.Build.0 = Release|Any CPU
		{7D672B9D-E5D8-49AA-A252-5540F2CB05BD}.Debug|Any CPU.ActiveCfg = Debug|Any CPU
		{7D672B9D-E5D8-49AA-A252-5540F2CB05BD}.Debug|Any CPU.Build.0 = Debug|Any CPU
		{7D672B9D-E5D8-49AA-A252-5540F2CB05BD}.Release|Any CPU.ActiveCfg = Release|Any CPU
		{7D672B9D-E5D8-49AA-A252-5540F2CB05BD}.Release|Any CPU.Build.0 = Release|Any CPU
		{E56ADEBD-0849-4853-B0EF-59032CBDC108}.Debug|Any CPU.ActiveCfg = Debug|Any CPU
		{E56ADEBD-0849-4853-B0EF-59032CBDC108}.Debug|Any CPU.Build.0 = Debug|Any CPU
		{E56ADEBD-0849-4853-B0EF-59032CBDC108}.Release|Any CPU.ActiveCfg = Release|Any CPU
		{E56ADEBD-0849-4853-B0EF-59032CBDC108}.Release|Any CPU.Build.0 = Release|Any CPU
	EndGlobalSection
	GlobalSection(SolutionProperties) = preSolution
		HideSolutionNode = FALSE
	EndGlobalSection
	GlobalSection(ExtensibilityGlobals) = postSolution
		SolutionGuid = {63DC1FEC-4719-40CF-9575-6E94D8166DB7}
	EndGlobalSection
EndGlobal
